
Microsoft Visual Studio Solution File, Format Version 12.00
# Visual Studio Version 16
VisualStudioVersion = 16.0.30907.101
MinimumVisualStudioVersion = 10.0.40219.1
Project("{9A19103F-16F7-4668-BE54-9A1E7A4F7556}") = "TimeKeeperApi", "TimeKeeperApi\TimeKeeperApi.csproj", "{8FEE76D3-8B8C-4542-AC41-73C99E7B05F9}"
EndProject
Project("{FAE04EC0-301F-11D3-BF4B-00C04F79EFBC}") = "Timekeeper.DataModel", "Timekeeper.DataModel\Timekeeper.DataModel.csproj", "{69EF51F2-6BD3-42B7-BC35-8AFE1DEC8D11}"
EndProject
Project("{FAE04EC0-301F-11D3-BF4B-00C04F79EFBC}") = "Timekeeper.DataModel.Standard", "Timekeeper.DataModel.Standard\Timekeeper.DataModel.Standard.csproj", "{2C5462E9-5108-4ECC-A6E5-128D71409811}"
EndProject
Global
	GlobalSection(SolutionConfigurationPlatforms) = preSolution
		Debug|Any CPU = Debug|Any CPU
		Release|Any CPU = Release|Any CPU
	EndGlobalSection
	GlobalSection(ProjectConfigurationPlatforms) = postSolution
		{8FEE76D3-8B8C-4542-AC41-73C99E7B05F9}.Debug|Any CPU.ActiveCfg = Debug|Any CPU
		{8FEE76D3-8B8C-4542-AC41-73C99E7B05F9}.Debug|Any CPU.Build.0 = Debug|Any CPU
		{8FEE76D3-8B8C-4542-AC41-73C99E7B05F9}.Release|Any CPU.ActiveCfg = Release|Any CPU
		{8FEE76D3-8B8C-4542-AC41-73C99E7B05F9}.Release|Any CPU.Build.0 = Release|Any CPU
		{69EF51F2-6BD3-42B7-BC35-8AFE1DEC8D11}.Debug|Any CPU.ActiveCfg = Debug|Any CPU
		{69EF51F2-6BD3-42B7-BC35-8AFE1DEC8D11}.Debug|Any CPU.Build.0 = Debug|Any CPU
		{69EF51F2-6BD3-42B7-BC35-8AFE1DEC8D11}.Release|Any CPU.ActiveCfg = Release|Any CPU
		{69EF51F2-6BD3-42B7-BC35-8AFE1DEC8D11}.Release|Any CPU.Build.0 = Release|Any CPU
		{2C5462E9-5108-4ECC-A6E5-128D71409811}.Debug|Any CPU.ActiveCfg = Debug|Any CPU
		{2C5462E9-5108-4ECC-A6E5-128D71409811}.Debug|Any CPU.Build.0 = Debug|Any CPU
		{2C5462E9-5108-4ECC-A6E5-128D71409811}.Release|Any CPU.ActiveCfg = Release|Any CPU
		{2C5462E9-5108-4ECC-A6E5-128D71409811}.Release|Any CPU.Build.0 = Release|Any CPU
	EndGlobalSection
	GlobalSection(SolutionProperties) = preSolution
		HideSolutionNode = FALSE
	EndGlobalSection
	GlobalSection(ExtensibilityGlobals) = postSolution
		SolutionGuid = {B7981C1C-0FC1-47AC-B87A-F9483F64793E}
	EndGlobalSection
EndGlobal
