
Microsoft Visual Studio Solution File, Format Version 12.00
# Visual Studio Version 16
VisualStudioVersion = 16.0.30907.101
MinimumVisualStudioVersion = 10.0.40219.1
Project("{9A19103F-16F7-4668-BE54-9A1E7A4F7556}") = "Timekeeper.DataModel", "Timekeeper.DataModel\Timekeeper.DataModel.csproj", "{9435D534-B2A3-41F0-898F-7A95E86C2E82}"
EndProject
Project("{9A19103F-16F7-4668-BE54-9A1E7A4F7556}") = "Timekeeper.Api", "Api\Timekeeper.Api.csproj", "{BD1273B8-97F9-460C-AC4E-372D724683FF}"
EndProject
Project("{9A19103F-16F7-4668-BE54-9A1E7A4F7556}") = "Timekeeper.Client", "Client\Timekeeper.Client.csproj", "{0D3CBEB1-58CC-4341-B478-A1CCCC704357}"
EndProject
Project("{FAE04EC0-301F-11D3-BF4B-00C04F79EFBC}") = "Timekeeper.DataModel.Standard", "Timekeeper.DataModel.Standard\Timekeeper.DataModel.Standard.csproj", "{FE0CC07E-F698-4101-A9A4-DCC8E0BEE594}"
EndProject
Global
	GlobalSection(SolutionConfigurationPlatforms) = preSolution
		Debug|Any CPU = Debug|Any CPU
		Release|Any CPU = Release|Any CPU
	EndGlobalSection
	GlobalSection(ProjectConfigurationPlatforms) = postSolution
		{9435D534-B2A3-41F0-898F-7A95E86C2E82}.Debug|Any CPU.ActiveCfg = Debug|Any CPU
		{9435D534-B2A3-41F0-898F-7A95E86C2E82}.Debug|Any CPU.Build.0 = Debug|Any CPU
		{9435D534-B2A3-41F0-898F-7A95E86C2E82}.Release|Any CPU.ActiveCfg = Release|Any CPU
		{9435D534-B2A3-41F0-898F-7A95E86C2E82}.Release|Any CPU.Build.0 = Release|Any CPU
		{BD1273B8-97F9-460C-AC4E-372D724683FF}.Debug|Any CPU.ActiveCfg = Debug|Any CPU
		{BD1273B8-97F9-460C-AC4E-372D724683FF}.Debug|Any CPU.Build.0 = Debug|Any CPU
		{BD1273B8-97F9-460C-AC4E-372D724683FF}.Release|Any CPU.ActiveCfg = Release|Any CPU
		{BD1273B8-97F9-460C-AC4E-372D724683FF}.Release|Any CPU.Build.0 = Release|Any CPU
		{0D3CBEB1-58CC-4341-B478-A1CCCC704357}.Debug|Any CPU.ActiveCfg = Debug|Any CPU
		{0D3CBEB1-58CC-4341-B478-A1CCCC704357}.Debug|Any CPU.Build.0 = Debug|Any CPU
		{0D3CBEB1-58CC-4341-B478-A1CCCC704357}.Release|Any CPU.ActiveCfg = Release|Any CPU
		{0D3CBEB1-58CC-4341-B478-A1CCCC704357}.Release|Any CPU.Build.0 = Release|Any CPU
		{FE0CC07E-F698-4101-A9A4-DCC8E0BEE594}.Debug|Any CPU.ActiveCfg = Debug|Any CPU
		{FE0CC07E-F698-4101-A9A4-DCC8E0BEE594}.Debug|Any CPU.Build.0 = Debug|Any CPU
		{FE0CC07E-F698-4101-A9A4-DCC8E0BEE594}.Release|Any CPU.ActiveCfg = Release|Any CPU
		{FE0CC07E-F698-4101-A9A4-DCC8E0BEE594}.Release|Any CPU.Build.0 = Release|Any CPU
	EndGlobalSection
	GlobalSection(SolutionProperties) = preSolution
		HideSolutionNode = FALSE
	EndGlobalSection
	GlobalSection(ExtensibilityGlobals) = postSolution
		SolutionGuid = {F7EA98AD-7BF7-4732-907C-1108E2DA1B91}
	EndGlobalSection
EndGlobal
