
Microsoft Visual Studio Solution File, Format Version 12.00
# Visual Studio Version 16
VisualStudioVersion = 16.0.30907.101
MinimumVisualStudioVersion = 10.0.40219.1
Project("{9A19103F-16F7-4668-BE54-9A1E7A4F7556}") = "TimekeeperClient", "TimekeeperClient\TimekeeperClient.csproj", "{8D0D515C-D388-4D61-8E44-0B48154222F0}"
EndProject
Project("{9A19103F-16F7-4668-BE54-9A1E7A4F7556}") = "Timekeeper.DataModel.Standard", "..\TimeKeeperApi\Timekeeper.DataModel.Standard\Timekeeper.DataModel.Standard.csproj", "{6A59E880-B050-4397-A2DF-29267ED52D2E}"
EndProject
Global
	GlobalSection(SolutionConfigurationPlatforms) = preSolution
		Debug|Any CPU = Debug|Any CPU
		Release|Any CPU = Release|Any CPU
	EndGlobalSection
	GlobalSection(ProjectConfigurationPlatforms) = postSolution
		{8D0D515C-D388-4D61-8E44-0B48154222F0}.Debug|Any CPU.ActiveCfg = Debug|Any CPU
		{8D0D515C-D388-4D61-8E44-0B48154222F0}.Debug|Any CPU.Build.0 = Debug|Any CPU
		{8D0D515C-D388-4D61-8E44-0B48154222F0}.Release|Any CPU.ActiveCfg = Release|Any CPU
		{8D0D515C-D388-4D61-8E44-0B48154222F0}.Release|Any CPU.Build.0 = Release|Any CPU
		{6A59E880-B050-4397-A2DF-29267ED52D2E}.Debug|Any CPU.ActiveCfg = Debug|Any CPU
		{6A59E880-B050-4397-A2DF-29267ED52D2E}.Debug|Any CPU.Build.0 = Debug|Any CPU
		{6A59E880-B050-4397-A2DF-29267ED52D2E}.Release|Any CPU.ActiveCfg = Release|Any CPU
		{6A59E880-B050-4397-A2DF-29267ED52D2E}.Release|Any CPU.Build.0 = Release|Any CPU
	EndGlobalSection
	GlobalSection(SolutionProperties) = preSolution
		HideSolutionNode = FALSE
	EndGlobalSection
	GlobalSection(ExtensibilityGlobals) = postSolution
		SolutionGuid = {FF771499-BF20-476E-95E9-17D757C9E7FC}
	EndGlobalSection
EndGlobal
